// !$*UTF8*$!
{
	archiveVersion = 1;
	classes = {
	};
	objectVersion = 56;
	objects = {

/* Begin PBXBuildFile section */
		72199C63DDEE64D4AE4E5122 /* Pods_DaiKadai01.framework in Frameworks */ = {isa = PBXBuildFile; fileRef = 87549AADAB744B72E397C45B /* Pods_DaiKadai01.framework */; };
		BA90918229E596C400DC4675 /* AppDelegate.swift in Sources */ = {isa = PBXBuildFile; fileRef = BA90918129E596C400DC4675 /* AppDelegate.swift */; };
		BA90918429E596C400DC4675 /* SceneDelegate.swift in Sources */ = {isa = PBXBuildFile; fileRef = BA90918329E596C400DC4675 /* SceneDelegate.swift */; };
		BA90918629E596C400DC4675 /* ViewController.swift in Sources */ = {isa = PBXBuildFile; fileRef = BA90918529E596C400DC4675 /* ViewController.swift */; };
		BA90918929E596C400DC4675 /* Main.storyboard in Resources */ = {isa = PBXBuildFile; fileRef = BA90918729E596C400DC4675 /* Main.storyboard */; };
		BA90918B29E596C900DC4675 /* Assets.xcassets in Resources */ = {isa = PBXBuildFile; fileRef = BA90918A29E596C900DC4675 /* Assets.xcassets */; };
		BA90918E29E596C900DC4675 /* LaunchScreen.storyboard in Resources */ = {isa = PBXBuildFile; fileRef = BA90918C29E596C900DC4675 /* LaunchScreen.storyboard */; };
/* End PBXBuildFile section */

/* Begin PBXFileReference section */
		1D881868FC552B92B89767D2 /* Pods-DaiKadai01.debug.xcconfig */ = {isa = PBXFileReference; includeInIndex = 1; lastKnownFileType = text.xcconfig; name = "Pods-DaiKadai01.debug.xcconfig"; path = "Target Support Files/Pods-DaiKadai01/Pods-DaiKadai01.debug.xcconfig"; sourceTree = "<group>"; };
		73E6B62241D840D8451C3814 /* Pods-DaiKadai01.release.xcconfig */ = {isa = PBXFileReference; includeInIndex = 1; lastKnownFileType = text.xcconfig; name = "Pods-DaiKadai01.release.xcconfig"; path = "Target Support Files/Pods-DaiKadai01/Pods-DaiKadai01.release.xcconfig"; sourceTree = "<group>"; };
		87549AADAB744B72E397C45B /* Pods_DaiKadai01.framework */ = {isa = PBXFileReference; explicitFileType = wrapper.framework; includeInIndex = 0; path = Pods_DaiKadai01.framework; sourceTree = BUILT_PRODUCTS_DIR; };
		BA90917E29E596C400DC4675 /* DaiKadai01.app */ = {isa = PBXFileReference; explicitFileType = wrapper.application; includeInIndex = 0; path = DaiKadai01.app; sourceTree = BUILT_PRODUCTS_DIR; };
		BA90918129E596C400DC4675 /* AppDelegate.swift */ = {isa = PBXFileReference; lastKnownFileType = sourcecode.swift; path = AppDelegate.swift; sourceTree = "<group>"; };
		BA90918329E596C400DC4675 /* SceneDelegate.swift */ = {isa = PBXFileReference; lastKnownFileType = sourcecode.swift; path = SceneDelegate.swift; sourceTree = "<group>"; };
		BA90918529E596C400DC4675 /* ViewController.swift */ = {isa = PBXFileReference; lastKnownFileType = sourcecode.swift; path = ViewController.swift; sourceTree = "<group>"; };
		BA90918829E596C400DC4675 /* Base */ = {isa = PBXFileReference; lastKnownFileType = file.storyboard; name = Base; path = Base.lproj/Main.storyboard; sourceTree = "<group>"; };
		BA90918A29E596C900DC4675 /* Assets.xcassets */ = {isa = PBXFileReference; lastKnownFileType = folder.assetcatalog; path = Assets.xcassets; sourceTree = "<group>"; };
		BA90918D29E596C900DC4675 /* Base */ = {isa = PBXFileReference; lastKnownFileType = file.storyboard; name = Base; path = Base.lproj/LaunchScreen.storyboard; sourceTree = "<group>"; };
		BA90918F29E596C900DC4675 /* Info.plist */ = {isa = PBXFileReference; lastKnownFileType = text.plist.xml; path = Info.plist; sourceTree = "<group>"; };
/* End PBXFileReference section */

/* Begin PBXFrameworksBuildPhase section */
		BA90917B29E596C400DC4675 /* Frameworks */ = {
			isa = PBXFrameworksBuildPhase;
			buildActionMask = 2147483647;
			files = (
				72199C63DDEE64D4AE4E5122 /* Pods_DaiKadai01.framework in Frameworks */,
			);
			runOnlyForDeploymentPostprocessing = 0;
		};
/* End PBXFrameworksBuildPhase section */

/* Begin PBXGroup section */
		0F6322BC8B181CE16BFE6BFB /* Frameworks */ = {
			isa = PBXGroup;
			children = (
				87549AADAB744B72E397C45B /* Pods_DaiKadai01.framework */,
			);
			name = Frameworks;
			sourceTree = "<group>";
		};
		92650B344693A1276F8FEF34 /* Pods */ = {
			isa = PBXGroup;
			children = (
				1D881868FC552B92B89767D2 /* Pods-DaiKadai01.debug.xcconfig */,
				73E6B62241D840D8451C3814 /* Pods-DaiKadai01.release.xcconfig */,
			);
			path = Pods;
			sourceTree = "<group>";
		};
		BA90917529E596C400DC4675 = {
			isa = PBXGroup;
			children = (
				BA90918029E596C400DC4675 /* DaiKadai01 */,
				BA90917F29E596C400DC4675 /* Products */,
				92650B344693A1276F8FEF34 /* Pods */,
				0F6322BC8B181CE16BFE6BFB /* Frameworks */,
			);
			sourceTree = "<group>";
		};
		BA90917F29E596C400DC4675 /* Products */ = {
			isa = PBXGroup;
			children = (
				BA90917E29E596C400DC4675 /* DaiKadai01.app */,
			);
			name = Products;
			sourceTree = "<group>";
		};
		BA90918029E596C400DC4675 /* DaiKadai01 */ = {
			isa = PBXGroup;
			children = (
				BA90918129E596C400DC4675 /* AppDelegate.swift */,
				BA90918329E596C400DC4675 /* SceneDelegate.swift */,
				BA90918529E596C400DC4675 /* ViewController.swift */,
				BA90918729E596C400DC4675 /* Main.storyboard */,
				BA90918A29E596C900DC4675 /* Assets.xcassets */,
				BA90918C29E596C900DC4675 /* LaunchScreen.storyboard */,
				BA90918F29E596C900DC4675 /* Info.plist */,
			);
			path = DaiKadai01;
			sourceTree = "<group>";
		};
/* End PBXGroup section */

/* Begin PBXNativeTarget section */
		BA90917D29E596C400DC4675 /* DaiKadai01 */ = {
			isa = PBXNativeTarget;
			buildConfigurationList = BA90919229E596C900DC4675 /* Build configuration list for PBXNativeTarget "DaiKadai01" */;
			buildPhases = (
				AFBF4D7015D0CBBC947D0FA2 /* [CP] Check Pods Manifest.lock */,
				BA90917A29E596C400DC4675 /* Sources */,
				BA90917B29E596C400DC4675 /* Frameworks */,
				BA90917C29E596C400DC4675 /* Resources */,
				BA8D989729EAF39B00367397 /* ShellScript */,
			);
			buildRules = (
			);
			dependencies = (
			);
			name = DaiKadai01;
			productName = DaiKadai01;
			productReference = BA90917E29E596C400DC4675 /* DaiKadai01.app */;
			productType = "com.apple.product-type.application";
		};
/* End PBXNativeTarget section */

/* Begin PBXProject section */
		BA90917629E596C400DC4675 /* Project object */ = {
			isa = PBXProject;
			attributes = {
				BuildIndependentTargetsInParallel = 1;
				LastSwiftUpdateCheck = 1420;
				LastUpgradeCheck = 1420;
				TargetAttributes = {
					BA90917D29E596C400DC4675 = {
						CreatedOnToolsVersion = 14.2;
					};
				};
			};
			buildConfigurationList = BA90917929E596C400DC4675 /* Build configuration list for PBXProject "DaiKadai01" */;
			compatibilityVersion = "Xcode 14.0";
			developmentRegion = en;
			hasScannedForEncodings = 0;
			knownRegions = (
				en,
				Base,
			);
			mainGroup = BA90917529E596C400DC4675;
			productRefGroup = BA90917F29E596C400DC4675 /* Products */;
			projectDirPath = "";
			projectRoot = "";
			targets = (
				BA90917D29E596C400DC4675 /* DaiKadai01 */,
			);
		};
/* End PBXProject section */

/* Begin PBXResourcesBuildPhase section */
		BA90917C29E596C400DC4675 /* Resources */ = {
			isa = PBXResourcesBuildPhase;
			buildActionMask = 2147483647;
			files = (
				BA90918E29E596C900DC4675 /* LaunchScreen.storyboard in Resources */,
				BA90918B29E596C900DC4675 /* Assets.xcassets in Resources */,
				BA90918929E596C400DC4675 /* Main.storyboard in Resources */,
			);
			runOnlyForDeploymentPostprocessing = 0;
		};
/* End PBXResourcesBuildPhase section */

/* Begin PBXShellScriptBuildPhase section */
		AFBF4D7015D0CBBC947D0FA2 /* [CP] Check Pods Manifest.lock */ = {
			isa = PBXShellScriptBuildPhase;
			buildActionMask = 2147483647;
			files = (
			);
			inputFileListPaths = (
			);
			inputPaths = (
				"${PODS_PODFILE_DIR_PATH}/Podfile.lock",
				"${PODS_ROOT}/Manifest.lock",
			);
			name = "[CP] Check Pods Manifest.lock";
			outputFileListPaths = (
			);
			outputPaths = (
				"$(DERIVED_FILE_DIR)/Pods-DaiKadai01-checkManifestLockResult.txt",
			);
			runOnlyForDeploymentPostprocessing = 0;
			shellPath = /bin/sh;
			shellScript = "diff \"${PODS_PODFILE_DIR_PATH}/Podfile.lock\" \"${PODS_ROOT}/Manifest.lock\" > /dev/null\nif [ $? != 0 ] ; then\n    # print error to STDERR\n    echo \"error: The sandbox is not in sync with the Podfile.lock. Run 'pod install' or update your CocoaPods installation.\" >&2\n    exit 1\nfi\n# This output is used by Xcode 'outputs' to avoid re-running this script phase.\necho \"SUCCESS\" > \"${SCRIPT_OUTPUT_FILE_0}\"\n";
			showEnvVarsInLog = 0;
		};
		BA8D989729EAF39B00367397 /* ShellScript */ = {
			isa = PBXShellScriptBuildPhase;
			buildActionMask = 2147483647;
			files = (
			);
			inputFileListPaths = (
			);
			inputPaths = (
			);
			outputFileListPaths = (
			);
			outputPaths = (
			);
			runOnlyForDeploymentPostprocessing = 0;
			shellPath = /bin/sh;
			shellScript = "if which \"${PODS_ROOT}/SwiftLint/swiftlint\" >/dev/null; then\n${PODS_ROOT}/SwiftLint/swiftlint\nelse\necho \"warning: SwiftLint not installed, download from https://github.com/realm/SwiftLint\"\nfi\n";
		};
/* End PBXShellScriptBuildPhase section */

/* Begin PBXSourcesBuildPhase section */
		BA90917A29E596C400DC4675 /* Sources */ = {
			isa = PBXSourcesBuildPhase;
			buildActionMask = 2147483647;
			files = (
				BA90918629E596C400DC4675 /* ViewController.swift in Sources */,
				BA90918229E596C400DC4675 /* AppDelegate.swift in Sources */,
				BA90918429E596C400DC4675 /* SceneDelegate.swift in Sources */,
			);
			runOnlyForDeploymentPostprocessing = 0;
		};
/* End PBXSourcesBuildPhase section */

/* Begin PBXVariantGroup section */
		BA90918729E596C400DC4675 /* Main.storyboard */ = {
			isa = PBXVariantGroup;
			children = (
				BA90918829E596C400DC4675 /* Base */,
			);
			name = Main.storyboard;
			sourceTree = "<group>";
		};
		BA90918C29E596C900DC4675 /* LaunchScreen.storyboard */ = {
			isa = PBXVariantGroup;
			children = (
				BA90918D29E596C900DC4675 /* Base */,
			);
			name = LaunchScreen.storyboard;
			sourceTree = "<group>";
		};
/* End PBXVariantGroup section */

/* Begin XCBuildConfiguration section */
		BA90919029E596C900DC4675 /* Debug */ = {
			isa = XCBuildConfiguration;
			buildSettings = {
				ALWAYS_SEARCH_USER_PATHS = NO;
				CLANG_ANALYZER_NONNULL = YES;
				CLANG_ANALYZER_NUMBER_OBJECT_CONVERSION = YES_AGGRESSIVE;
				CLANG_CXX_LANGUAGE_STANDARD = "gnu++20";
				CLANG_ENABLE_MODULES = YES;
				CLANG_ENABLE_OBJC_ARC = YES;
				CLANG_ENABLE_OBJC_WEAK = YES;
				CLANG_WARN_BLOCK_CAPTURE_AUTORELEASING = YES;
				CLANG_WARN_BOOL_CONVERSION = YES;
				CLANG_WARN_COMMA = YES;
				CLANG_WARN_CONSTANT_CONVERSION = YES;
				CLANG_WARN_DEPRECATED_OBJC_IMPLEMENTATIONS = YES;
				CLANG_WARN_DIRECT_OBJC_ISA_USAGE = YES_ERROR;
				CLANG_WARN_DOCUMENTATION_COMMENTS = YES;
				CLANG_WARN_EMPTY_BODY = YES;
				CLANG_WARN_ENUM_CONVERSION = YES;
				CLANG_WARN_INFINITE_RECURSION = YES;
				CLANG_WARN_INT_CONVERSION = YES;
				CLANG_WARN_NON_LITERAL_NULL_CONVERSION = YES;
				CLANG_WARN_OBJC_IMPLICIT_RETAIN_SELF = YES;
				CLANG_WARN_OBJC_LITERAL_CONVERSION = YES;
				CLANG_WARN_OBJC_ROOT_CLASS = YES_ERROR;
				CLANG_WARN_QUOTED_INCLUDE_IN_FRAMEWORK_HEADER = YES;
				CLANG_WARN_RANGE_LOOP_ANALYSIS = YES;
				CLANG_WARN_STRICT_PROTOTYPES = YES;
				CLANG_WARN_SUSPICIOUS_MOVE = YES;
				CLANG_WARN_UNGUARDED_AVAILABILITY = YES_AGGRESSIVE;
				CLANG_WARN_UNREACHABLE_CODE = YES;
				CLANG_WARN__DUPLICATE_METHOD_MATCH = YES;
				COPY_PHASE_STRIP = NO;
				DEBUG_INFORMATION_FORMAT = dwarf;
				ENABLE_STRICT_OBJC_MSGSEND = YES;
				ENABLE_TESTABILITY = YES;
				GCC_C_LANGUAGE_STANDARD = gnu11;
				GCC_DYNAMIC_NO_PIC = NO;
				GCC_NO_COMMON_BLOCKS = YES;
				GCC_OPTIMIZATION_LEVEL = 0;
				GCC_PREPROCESSOR_DEFINITIONS = (
					"DEBUG=1",
					"$(inherited)",
				);
				GCC_WARN_64_TO_32_BIT_CONVERSION = YES;
				GCC_WARN_ABOUT_RETURN_TYPE = YES_ERROR;
				GCC_WARN_UNDECLARED_SELECTOR = YES;
				GCC_WARN_UNINITIALIZED_AUTOS = YES_AGGRESSIVE;
				GCC_WARN_UNUSED_FUNCTION = YES;
				GCC_WARN_UNUSED_VARIABLE = YES;
				IPHONEOS_DEPLOYMENT_TARGET = 16.2;
				MTL_ENABLE_DEBUG_INFO = INCLUDE_SOURCE;
				MTL_FAST_MATH = YES;
				ONLY_ACTIVE_ARCH = YES;
				SDKROOT = iphoneos;
				SWIFT_ACTIVE_COMPILATION_CONDITIONS = DEBUG;
				SWIFT_OPTIMIZATION_LEVEL = "-Onone";
			};
			name = Debug;
		};
		BA90919129E596C900DC4675 /* Release */ = {
			isa = XCBuildConfiguration;
			buildSettings = {
				ALWAYS_SEARCH_USER_PATHS = NO;
				CLANG_ANALYZER_NONNULL = YES;
				CLANG_ANALYZER_NUMBER_OBJECT_CONVERSION = YES_AGGRESSIVE;
				CLANG_CXX_LANGUAGE_STANDARD = "gnu++20";
				CLANG_ENABLE_MODULES = YES;
				CLANG_ENABLE_OBJC_ARC = YES;
				CLANG_ENABLE_OBJC_WEAK = YES;
				CLANG_WARN_BLOCK_CAPTURE_AUTORELEASING = YES;
				CLANG_WARN_BOOL_CONVERSION = YES;
				CLANG_WARN_COMMA = YES;
				CLANG_WARN_CONSTANT_CONVERSION = YES;
				CLANG_WARN_DEPRECATED_OBJC_IMPLEMENTATIONS = YES;
				CLANG_WARN_DIRECT_OBJC_ISA_USAGE = YES_ERROR;
				CLANG_WARN_DOCUMENTATION_COMMENTS = YES;
				CLANG_WARN_EMPTY_BODY = YES;
				CLANG_WARN_ENUM_CONVERSION = YES;
				CLANG_WARN_INFINITE_RECURSION = YES;
				CLANG_WARN_INT_CONVERSION = YES;
				CLANG_WARN_NON_LITERAL_NULL_CONVERSION = YES;
				CLANG_WARN_OBJC_IMPLICIT_RETAIN_SELF = YES;
				CLANG_WARN_OBJC_LITERAL_CONVERSION = YES;
				CLANG_WARN_OBJC_ROOT_CLASS = YES_ERROR;
				CLANG_WARN_QUOTED_INCLUDE_IN_FRAMEWORK_HEADER = YES;
				CLANG_WARN_RANGE_LOOP_ANALYSIS = YES;
				CLANG_WARN_STRICT_PROTOTYPES = YES;
				CLANG_WARN_SUSPICIOUS_MOVE = YES;
				CLANG_WARN_UNGUARDED_AVAILABILITY = YES_AGGRESSIVE;
				CLANG_WARN_UNREACHABLE_CODE = YES;
				CLANG_WARN__DUPLICATE_METHOD_MATCH = YES;
				COPY_PHASE_STRIP = NO;
				DEBUG_INFORMATION_FORMAT = "dwarf-with-dsym";
				ENABLE_NS_ASSERTIONS = NO;
				ENABLE_STRICT_OBJC_MSGSEND = YES;
				GCC_C_LANGUAGE_STANDARD = gnu11;
				GCC_NO_COMMON_BLOCKS = YES;
				GCC_WARN_64_TO_32_BIT_CONVERSION = YES;
				GCC_WARN_ABOUT_RETURN_TYPE = YES_ERROR;
				GCC_WARN_UNDECLARED_SELECTOR = YES;
				GCC_WARN_UNINITIALIZED_AUTOS = YES_AGGRESSIVE;
				GCC_WARN_UNUSED_FUNCTION = YES;
				GCC_WARN_UNUSED_VARIABLE = YES;
				IPHONEOS_DEPLOYMENT_TARGET = 16.2;
				MTL_ENABLE_DEBUG_INFO = NO;
				MTL_FAST_MATH = YES;
				SDKROOT = iphoneos;
				SWIFT_COMPILATION_MODE = wholemodule;
				SWIFT_OPTIMIZATION_LEVEL = "-O";
				VALIDATE_PRODUCT = YES;
			};
			name = Release;
		};
		BA90919329E596C900DC4675 /* Debug */ = {
			isa = XCBuildConfiguration;
			baseConfigurationReference = 1D881868FC552B92B89767D2 /* Pods-DaiKadai01.debug.xcconfig */;
			buildSettings = {
				ASSETCATALOG_COMPILER_APPICON_NAME = AppIcon;
				ASSETCATALOG_COMPILER_GLOBAL_ACCENT_COLOR_NAME = AccentColor;
				CODE_SIGN_STYLE = Automatic;
				CURRENT_PROJECT_VERSION = 1;
				DEVELOPMENT_TEAM = 3D9FH4U88Y;
				GENERATE_INFOPLIST_FILE = YES;
				INFOPLIST_FILE = DaiKadai01/Info.plist;
				INFOPLIST_KEY_UIApplicationSupportsIndirectInputEvents = YES;
				INFOPLIST_KEY_UILaunchStoryboardName = LaunchScreen;
				INFOPLIST_KEY_UIMainStoryboardFile = Main;
				INFOPLIST_KEY_UISupportedInterfaceOrientations_iPad = "UIInterfaceOrientationPortrait UIInterfaceOrientationPortraitUpsideDown UIInterfaceOrientationLandscapeLeft UIInterfaceOrientationLandscapeRight";
				INFOPLIST_KEY_UISupportedInterfaceOrientations_iPhone = "UIInterfaceOrientationPortrait UIInterfaceOrientationLandscapeLeft UIInterfaceOrientationLandscapeRight";
				LD_RUNPATH_SEARCH_PATHS = (
					"$(inherited)",
					"@executable_path/Frameworks",
				);
				MARKETING_VERSION = 1.0;
				PRODUCT_BUNDLE_IDENTIFIER = com.daisakuchihara.DaiKadai01;
				PRODUCT_NAME = "$(TARGET_NAME)";
				SWIFT_EMIT_LOC_STRINGS = YES;
				SWIFT_VERSION = 5.0;
				TARGETED_DEVICE_FAMILY = "1,2";
			};
			name = Debug;
		};
		BA90919429E596C900DC4675 /* Release */ = {
			isa = XCBuildConfiguration;
			baseConfigurationReference = 73E6B62241D840D8451C3814 /* Pods-DaiKadai01.release.xcconfig */;
			buildSettings = {
				ASSETCATALOG_COMPILER_APPICON_NAME = AppIcon;
				ASSETCATALOG_COMPILER_GLOBAL_ACCENT_COLOR_NAME = AccentColor;
				CODE_SIGN_STYLE = Automatic;
				CURRENT_PROJECT_VERSION = 1;
				DEVELOPMENT_TEAM = 3D9FH4U88Y;
				GENERATE_INFOPLIST_FILE = YES;
				INFOPLIST_FILE = DaiKadai01/Info.plist;
				INFOPLIST_KEY_UIApplicationSupportsIndirectInputEvents = YES;
				INFOPLIST_KEY_UILaunchStoryboardName = LaunchScreen;
				INFOPLIST_KEY_UIMainStoryboardFile = Main;
				INFOPLIST_KEY_UISupportedInterfaceOrientations_iPad = "UIInterfaceOrientationPortrait UIInterfaceOrientationPortraitUpsideDown UIInterfaceOrientationLandscapeLeft UIInterfaceOrientationLandscapeRight";
				INFOPLIST_KEY_UISupportedInterfaceOrientations_iPhone = "UIInterfaceOrientationPortrait UIInterfaceOrientationLandscapeLeft UIInterfaceOrientationLandscapeRight";
				LD_RUNPATH_SEARCH_PATHS = (
					"$(inherited)",
					"@executable_path/Frameworks",
				);
				MARKETING_VERSION = 1.0;
				PRODUCT_BUNDLE_IDENTIFIER = com.daisakuchihara.DaiKadai01;
				PRODUCT_NAME = "$(TARGET_NAME)";
				SWIFT_EMIT_LOC_STRINGS = YES;
				SWIFT_VERSION = 5.0;
				TARGETED_DEVICE_FAMILY = "1,2";
			};
			name = Release;
		};
/* End XCBuildConfiguration section */

/* Begin XCConfigurationList section */
		BA90917929E596C400DC4675 /* Build configuration list for PBXProject "DaiKadai01" */ = {
			isa = XCConfigurationList;
			buildConfigurations = (
				BA90919029E596C900DC4675 /* Debug */,
				BA90919129E596C900DC4675 /* Release */,
			);
			defaultConfigurationIsVisible = 0;
			defaultConfigurationName = Release;
		};
		BA90919229E596C900DC4675 /* Build configuration list for PBXNativeTarget "DaiKadai01" */ = {
			isa = XCConfigurationList;
			buildConfigurations = (
				BA90919329E596C900DC4675 /* Debug */,
				BA90919429E596C900DC4675 /* Release */,
			);
			defaultConfigurationIsVisible = 0;
			defaultConfigurationName = Release;
		};
/* End XCConfigurationList section */
	};
	rootObject = BA90917629E596C400DC4675 /* Project object */;
}
